{
  "name": "ical-github-generator",
  "version": "1.0.0",
  "lockfileVersion": 1,
  "requires": true,
  "dependencies": {
    "ical-generator": {
      "version": "1.0.3",
      "resolved": "https://registry.npmjs.org/ical-generator/-/ical-generator-1.0.3.tgz",
      "integrity": "sha512-Gi0Y7un1qtCZ5KWzBcJh/KUwKwNZoECSRid0cjmXPWa/zBrXL3FsZVzEWusVJ31Qals5c04JSYtvI3CK/WFAbQ==",
      "requires": {
        "moment-timezone": "^0.5.17"
      }
    },
    "moment": {
      "version": "2.22.2",
      "resolved": "https://registry.npmjs.org/moment/-/moment-2.22.2.tgz",
      "integrity": "sha1-PCV/mDn8DpP/UxSWMiOeuQeD/2Y="
    },
    "moment-timezone": {
      "version": "0.5.21",
      "resolved": "https://registry.npmjs.org/moment-timezone/-/moment-timezone-0.5.21.tgz",
      "integrity": "sha512-j96bAh4otsgj3lKydm3K7kdtA3iKf2m6MY2iSYCzCm5a1zmHo1g+aK3068dDEeocLZQIS9kU8bsdQHLqEvgW0A==",
      "requires": {
        "moment": ">= 2.9.0"
      }
    }
  }
}
